
Microsoft Visual Studio Solution File, Format Version 12.00
# Visual Studio Version 16
VisualStudioVersion = 16.0.32106.194
MinimumVisualStudioVersion = 10.0.40219.1
Project("{FAE04EC0-301F-11D3-BF4B-00C04F79EFBC}") = "ExerciseDefinigClassesSoftUniParking", "ExerciseDefinigClassesSoftUniParking\ExerciseDefinigClassesSoftUniParking.csproj", "{EF5992F7-CC99-40E2-BB64-1E1A6E72B609}"
EndProject
Global
	GlobalSection(SolutionConfigurationPlatforms) = preSolution
		Debug|Any CPU = Debug|Any CPU
		Release|Any CPU = Release|Any CPU
	EndGlobalSection
	GlobalSection(ProjectConfigurationPlatforms) = postSolution
		{EF5992F7-CC99-40E2-BB64-1E1A6E72B609}.Debug|Any CPU.ActiveCfg = Debug|Any CPU
		{EF5992F7-CC99-40E2-BB64-1E1A6E72B609}.Debug|Any CPU.Build.0 = Debug|Any CPU
		{EF5992F7-CC99-40E2-BB64-1E1A6E72B609}.Release|Any CPU.ActiveCfg = Release|Any CPU
		{EF5992F7-CC99-40E2-BB64-1E1A6E72B609}.Release|Any CPU.Build.0 = Release|Any CPU
	EndGlobalSection
	GlobalSection(SolutionProperties) = preSolution
		HideSolutionNode = FALSE
	EndGlobalSection
	GlobalSection(ExtensibilityGlobals) = postSolution
		SolutionGuid = {119C00D8-715D-495D-8BFA-A4DB7E481FD6}
	EndGlobalSection
EndGlobal
