
Microsoft Visual Studio Solution File, Format Version 12.00
# Visual Studio Version 16
VisualStudioVersion = 16.0.32126.315
MinimumVisualStudioVersion = 10.0.40219.1
Project("{9A19103F-16F7-4668-BE54-9A1E7A4F7556}") = "BakeryOpenning", "BakeryOpenning.csproj", "{8B5D4DAD-F7C5-47D2-83FF-4C2DD3F819C6}"
EndProject
Project("{FAE04EC0-301F-11D3-BF4B-00C04F79EFBC}") = "Cooking", "..\coocking\Cooking.csproj", "{35274362-EC29-4270-8032-9DB50C2EF771}"
EndProject
Project("{FAE04EC0-301F-11D3-BF4B-00C04F79EFBC}") = "Selling", "..\Selling\Selling.csproj", "{8E1257C5-ADE7-4672-94C0-261A3C9535E3}"
EndProject
Global
	GlobalSection(SolutionConfigurationPlatforms) = preSolution
		Debug|Any CPU = Debug|Any CPU
		Release|Any CPU = Release|Any CPU
	EndGlobalSection
	GlobalSection(ProjectConfigurationPlatforms) = postSolution
		{8B5D4DAD-F7C5-47D2-83FF-4C2DD3F819C6}.Debug|Any CPU.ActiveCfg = Debug|Any CPU
		{8B5D4DAD-F7C5-47D2-83FF-4C2DD3F819C6}.Debug|Any CPU.Build.0 = Debug|Any CPU
		{8B5D4DAD-F7C5-47D2-83FF-4C2DD3F819C6}.Release|Any CPU.ActiveCfg = Release|Any CPU
		{8B5D4DAD-F7C5-47D2-83FF-4C2DD3F819C6}.Release|Any CPU.Build.0 = Release|Any CPU
		{35274362-EC29-4270-8032-9DB50C2EF771}.Debug|Any CPU.ActiveCfg = Debug|Any CPU
		{35274362-EC29-4270-8032-9DB50C2EF771}.Debug|Any CPU.Build.0 = Debug|Any CPU
		{35274362-EC29-4270-8032-9DB50C2EF771}.Release|Any CPU.ActiveCfg = Release|Any CPU
		{35274362-EC29-4270-8032-9DB50C2EF771}.Release|Any CPU.Build.0 = Release|Any CPU
		{8E1257C5-ADE7-4672-94C0-261A3C9535E3}.Debug|Any CPU.ActiveCfg = Debug|Any CPU
		{8E1257C5-ADE7-4672-94C0-261A3C9535E3}.Debug|Any CPU.Build.0 = Debug|Any CPU
		{8E1257C5-ADE7-4672-94C0-261A3C9535E3}.Release|Any CPU.ActiveCfg = Release|Any CPU
		{8E1257C5-ADE7-4672-94C0-261A3C9535E3}.Release|Any CPU.Build.0 = Release|Any CPU
	EndGlobalSection
	GlobalSection(SolutionProperties) = preSolution
		HideSolutionNode = FALSE
	EndGlobalSection
	GlobalSection(ExtensibilityGlobals) = postSolution
		SolutionGuid = {F76C64EA-3288-4D11-B5A7-DA2A54E8AFBC}
	EndGlobalSection
EndGlobal
