
Microsoft Visual Studio Solution File, Format Version 12.00
# Visual Studio Version 16
VisualStudioVersion = 16.0.32106.194
MinimumVisualStudioVersion = 10.0.40219.1
Project("{9A19103F-16F7-4668-BE54-9A1E7A4F7556}") = "ExamPreparationAdvanced", "ExamPreparationAdvanced\ExamPreparationAdvanced.csproj", "{CC3C2E4C-F581-4B40-A1A3-F8AD4ED66CCE}"
EndProject
Project("{9A19103F-16F7-4668-BE54-9A1E7A4F7556}") = "FoodFinder", "FoodFinder\FoodFinder.csproj", "{38E708A1-90C9-4011-B5E1-06C7D65C7477}"
EndProject
Project("{FAE04EC0-301F-11D3-BF4B-00C04F79EFBC}") = "02.Survivor", "02.Survivor\02.Survivor.csproj", "{5B10409E-AB78-4D10-9EB7-760CE02E852B}"
EndProject
Global
	GlobalSection(SolutionConfigurationPlatforms) = preSolution
		Debug|Any CPU = Debug|Any CPU
		Release|Any CPU = Release|Any CPU
	EndGlobalSection
	GlobalSection(ProjectConfigurationPlatforms) = postSolution
		{CC3C2E4C-F581-4B40-A1A3-F8AD4ED66CCE}.Debug|Any CPU.ActiveCfg = Debug|Any CPU
		{CC3C2E4C-F581-4B40-A1A3-F8AD4ED66CCE}.Debug|Any CPU.Build.0 = Debug|Any CPU
		{CC3C2E4C-F581-4B40-A1A3-F8AD4ED66CCE}.Release|Any CPU.ActiveCfg = Release|Any CPU
		{CC3C2E4C-F581-4B40-A1A3-F8AD4ED66CCE}.Release|Any CPU.Build.0 = Release|Any CPU
		{38E708A1-90C9-4011-B5E1-06C7D65C7477}.Debug|Any CPU.ActiveCfg = Debug|Any CPU
		{38E708A1-90C9-4011-B5E1-06C7D65C7477}.Debug|Any CPU.Build.0 = Debug|Any CPU
		{38E708A1-90C9-4011-B5E1-06C7D65C7477}.Release|Any CPU.ActiveCfg = Release|Any CPU
		{38E708A1-90C9-4011-B5E1-06C7D65C7477}.Release|Any CPU.Build.0 = Release|Any CPU
		{5B10409E-AB78-4D10-9EB7-760CE02E852B}.Debug|Any CPU.ActiveCfg = Debug|Any CPU
		{5B10409E-AB78-4D10-9EB7-760CE02E852B}.Debug|Any CPU.Build.0 = Debug|Any CPU
		{5B10409E-AB78-4D10-9EB7-760CE02E852B}.Release|Any CPU.ActiveCfg = Release|Any CPU
		{5B10409E-AB78-4D10-9EB7-760CE02E852B}.Release|Any CPU.Build.0 = Release|Any CPU
	EndGlobalSection
	GlobalSection(SolutionProperties) = preSolution
		HideSolutionNode = FALSE
	EndGlobalSection
	GlobalSection(ExtensibilityGlobals) = postSolution
		SolutionGuid = {8CF6BC04-8E50-4C9E-9290-FC9B789BB459}
	EndGlobalSection
EndGlobal
