
Microsoft Visual Studio Solution File, Format Version 12.00
# Visual Studio Version 16
VisualStudioVersion = 16.0.30711.63
MinimumVisualStudioVersion = 10.0.40219.1
Project("{9A19103F-16F7-4668-BE54-9A1E7A4F7556}") = "CocktailParty", "CocktailParty.csproj", "{8ECFC2EA-FC81-400F-BBDF-AFFC472D2277}"
EndProject
Project("{FAE04EC0-301F-11D3-BF4B-00C04F79EFBC}") = "WarmWinter", "..\WarmWinter\WarmWinter.csproj", "{56646AAC-AA95-4167-BF25-429EA1217438}"
EndProject
Project("{FAE04EC0-301F-11D3-BF4B-00C04F79EFBC}") = "SuperMario", "..\SuperMario\SuperMario.csproj", "{8665DBA5-51B5-43FB-924A-715958652699}"
EndProject
Global
	GlobalSection(SolutionConfigurationPlatforms) = preSolution
		Debug|Any CPU = Debug|Any CPU
		Release|Any CPU = Release|Any CPU
	EndGlobalSection
	GlobalSection(ProjectConfigurationPlatforms) = postSolution
		{8ECFC2EA-FC81-400F-BBDF-AFFC472D2277}.Debug|Any CPU.ActiveCfg = Debug|Any CPU
		{8ECFC2EA-FC81-400F-BBDF-AFFC472D2277}.Debug|Any CPU.Build.0 = Debug|Any CPU
		{8ECFC2EA-FC81-400F-BBDF-AFFC472D2277}.Release|Any CPU.ActiveCfg = Release|Any CPU
		{8ECFC2EA-FC81-400F-BBDF-AFFC472D2277}.Release|Any CPU.Build.0 = Release|Any CPU
		{56646AAC-AA95-4167-BF25-429EA1217438}.Debug|Any CPU.ActiveCfg = Debug|Any CPU
		{56646AAC-AA95-4167-BF25-429EA1217438}.Debug|Any CPU.Build.0 = Debug|Any CPU
		{56646AAC-AA95-4167-BF25-429EA1217438}.Release|Any CPU.ActiveCfg = Release|Any CPU
		{56646AAC-AA95-4167-BF25-429EA1217438}.Release|Any CPU.Build.0 = Release|Any CPU
		{8665DBA5-51B5-43FB-924A-715958652699}.Debug|Any CPU.ActiveCfg = Debug|Any CPU
		{8665DBA5-51B5-43FB-924A-715958652699}.Debug|Any CPU.Build.0 = Debug|Any CPU
		{8665DBA5-51B5-43FB-924A-715958652699}.Release|Any CPU.ActiveCfg = Release|Any CPU
		{8665DBA5-51B5-43FB-924A-715958652699}.Release|Any CPU.Build.0 = Release|Any CPU
	EndGlobalSection
	GlobalSection(SolutionProperties) = preSolution
		HideSolutionNode = FALSE
	EndGlobalSection
	GlobalSection(ExtensibilityGlobals) = postSolution
		SolutionGuid = {06EFBFD9-76D9-49DD-9308-96EDC09D18E5}
	EndGlobalSection
EndGlobal
