
Microsoft Visual Studio Solution File, Format Version 12.00
# Visual Studio Version 16
VisualStudioVersion = 16.0.32126.315
MinimumVisualStudioVersion = 10.0.40219.1
Project("{FAE04EC0-301F-11D3-BF4B-00C04F79EFBC}") = "IteratorsAndComperators", "IteratorsAndComperators\IteratorsAndComperators.csproj", "{A0E7E914-23B0-4B81-8439-D5A88AF53975}"
EndProject
Global
	GlobalSection(SolutionConfigurationPlatforms) = preSolution
		Debug|Any CPU = Debug|Any CPU
		Release|Any CPU = Release|Any CPU
	EndGlobalSection
	GlobalSection(ProjectConfigurationPlatforms) = postSolution
		{A0E7E914-23B0-4B81-8439-D5A88AF53975}.Debug|Any CPU.ActiveCfg = Debug|Any CPU
		{A0E7E914-23B0-4B81-8439-D5A88AF53975}.Debug|Any CPU.Build.0 = Debug|Any CPU
		{A0E7E914-23B0-4B81-8439-D5A88AF53975}.Release|Any CPU.ActiveCfg = Release|Any CPU
		{A0E7E914-23B0-4B81-8439-D5A88AF53975}.Release|Any CPU.Build.0 = Release|Any CPU
	EndGlobalSection
	GlobalSection(SolutionProperties) = preSolution
		HideSolutionNode = FALSE
	EndGlobalSection
	GlobalSection(ExtensibilityGlobals) = postSolution
		SolutionGuid = {04A41EF4-D484-4CE0-AB8D-098C782BCA34}
	EndGlobalSection
EndGlobal
